
Microsoft Visual Studio Solution File, Format Version 12.00
# Visual Studio 2012
Project("{FAE04EC0-301F-11D3-BF4B-00C04F79EFBC}") = "ScrapingJobsRozee_WebRequest(Day8)", "ScrapingJobsRozee_WebRequest(Day8)\ScrapingJobsRozee_WebRequest(Day8).csproj", "{384FC3D3-2277-4B4C-AF1C-19A509C4B585}"
EndProject
Global
	GlobalSection(SolutionConfigurationPlatforms) = preSolution
		Debug|Any CPU = Debug|Any CPU
		Release|Any CPU = Release|Any CPU
	EndGlobalSection
	GlobalSection(ProjectConfigurationPlatforms) = postSolution
		{384FC3D3-2277-4B4C-AF1C-19A509C4B585}.Debug|Any CPU.ActiveCfg = Debug|Any CPU
		{384FC3D3-2277-4B4C-AF1C-19A509C4B585}.Debug|Any CPU.Build.0 = Debug|Any CPU
		{384FC3D3-2277-4B4C-AF1C-19A509C4B585}.Release|Any CPU.ActiveCfg = Release|Any CPU
		{384FC3D3-2277-4B4C-AF1C-19A509C4B585}.Release|Any CPU.Build.0 = Release|Any CPU
	EndGlobalSection
	GlobalSection(SolutionProperties) = preSolution
		HideSolutionNode = FALSE
	EndGlobalSection
EndGlobal
