
Microsoft Visual Studio Solution File, Format Version 12.00
# Visual Studio 2012
Project("{FAE04EC0-301F-11D3-BF4B-00C04F79EFBC}") = "jsonParsingObject", "jsonParsingObject\jsonParsingObject.csproj", "{D172E096-0E93-442E-A45E-550E7DD2AB31}"
EndProject
Global
	GlobalSection(SolutionConfigurationPlatforms) = preSolution
		Debug|Any CPU = Debug|Any CPU
		Release|Any CPU = Release|Any CPU
	EndGlobalSection
	GlobalSection(ProjectConfigurationPlatforms) = postSolution
		{D172E096-0E93-442E-A45E-550E7DD2AB31}.Debug|Any CPU.ActiveCfg = Debug|Any CPU
		{D172E096-0E93-442E-A45E-550E7DD2AB31}.Debug|Any CPU.Build.0 = Debug|Any CPU
		{D172E096-0E93-442E-A45E-550E7DD2AB31}.Release|Any CPU.ActiveCfg = Release|Any CPU
		{D172E096-0E93-442E-A45E-550E7DD2AB31}.Release|Any CPU.Build.0 = Release|Any CPU
	EndGlobalSection
	GlobalSection(SolutionProperties) = preSolution
		HideSolutionNode = FALSE
	EndGlobalSection
EndGlobal
