
Microsoft Visual Studio Solution File, Format Version 12.00
# Visual Studio 2012
Project("{FAE04EC0-301F-11D3-BF4B-00C04F79EFBC}") = "Automatick-AXS", "TMXtremeSales\Automatick-AXS.csproj", "{A755B7A0-75A7-4243-BE83-719632696191}"
EndProject
Project("{FAE04EC0-301F-11D3-BF4B-00C04F79EFBC}") = "HtmlAgilityPack", "HtmlAgilityPack\HtmlAgilityPack.csproj", "{193BB801-054F-4729-9D5D-FCE1E32594BF}"
EndProject
Project("{FAE04EC0-301F-11D3-BF4B-00C04F79EFBC}") = "AccessRights", "AccessList\AccessRights.csproj", "{11DC3F2B-6112-4FE3-B786-0DC13E764B4F}"
EndProject
Project("{FAE04EC0-301F-11D3-BF4B-00C04F79EFBC}") = "AutomatickCore-AXS", "AutomatickCore-AXS\AutomatickCore-AXS.csproj", "{A74115C8-8F65-4EF1-978A-B120DBAAA166}"
EndProject
Project("{FAE04EC0-301F-11D3-BF4B-00C04F79EFBC}") = "Droptick-AXS", "Droptick-TM\Droptick-AXS.csproj", "{7A19E670-7E80-4AAD-9DF0-FDD1E3438B52}"
EndProject
Project("{FAE04EC0-301F-11D3-BF4B-00C04F79EFBC}") = "AutomatickLogging", "AutomatickLogging\AutomatickLogging.csproj", "{60C41D4B-8DE7-41AC-B6BA-B861A2E760EC}"
EndProject
Project("{FAE04EC0-301F-11D3-BF4B-00C04F79EFBC}") = "LotIdGenerator", "LotIdGenerator\LotIdGenerator.csproj", "{19757D0C-9EDE-4B15-B19F-CB62D6E5445B}"
EndProject
Project("{FAE04EC0-301F-11D3-BF4B-00C04F79EFBC}") = "FiddlerCore", "FiddlerCore\FiddlerCore.csproj", "{18AF81BA-A230-4FB9-83AD-206A93F3F823}"
EndProject
Project("{FAE04EC0-301F-11D3-BF4B-00C04F79EFBC}") = "LotBrowser", "LotBrowser\LotBrowser.csproj", "{98C7F36F-B9C0-4FFC-94B6-564010D09EF5}"
EndProject
Project("{FAE04EC0-301F-11D3-BF4B-00C04F79EFBC}") = "LotGenerator", "LotGenerator\LotGenerator.csproj", "{99DD5212-BFA1-4B57-8621-D2867634A7D1}"
EndProject
Project("{FAE04EC0-301F-11D3-BF4B-00C04F79EFBC}") = "LotID-Core", "LotID-Core\LotID-Core.csproj", "{48A29390-7E0B-4AED-9C8C-D2D708D5C3FC}"
EndProject
Project("{FAE04EC0-301F-11D3-BF4B-00C04F79EFBC}") = "AXSTixToxService", "AXSTixToxService\AXSTixToxService.csproj", "{DC700E79-975E-4E8C-A547-0443F66341CC}"
EndProject
Project("{FAE04EC0-301F-11D3-BF4B-00C04F79EFBC}") = "CefBrowser-LotIDGenerator", "CefBrowser-LotIDGenerator\CefBrowser-LotIDGenerator.csproj", "{A9CC0E1F-978D-47D9-B405-6E03E5AFEDBE}"
EndProject
Project("{FAE04EC0-301F-11D3-BF4B-00C04F79EFBC}") = "CefLotBrowser", "CefLotBrowser\CefLotBrowser.csproj", "{8F73C503-B563-4516-AE8E-898614712C92}"
EndProject
Project("{FAE04EC0-301F-11D3-BF4B-00C04F79EFBC}") = "CefLotGenerator-Core", "CefLotGenerator-Core\CefLotGenerator-Core.csproj", "{F64CE436-F519-4AC9-9EC8-373724F9FCF4}"
EndProject
Project("{FAE04EC0-301F-11D3-BF4B-00C04F79EFBC}") = "CefLotGeneratorMainService", "CefLotGeneratorMainService\CefLotGeneratorMainService.csproj", "{82D3218A-A81F-4C01-9A84-236BB3809404}"
EndProject
Project("{FAE04EC0-301F-11D3-BF4B-00C04F79EFBC}") = "AXSEventsWebInterface", "AXSEventsWebInterface\AXSEventsWebInterface.csproj", "{0A275C7B-AA82-4DD4-8712-AE55DA8CCA8F}"
EndProject
Project("{FAE04EC0-301F-11D3-BF4B-00C04F79EFBC}") = "TCPClient", "TCPClient\TCPClient.csproj", "{0FA89E6D-55C1-422B-ADDC-25B575928F80}"
EndProject
Global
	GlobalSection(SolutionConfigurationPlatforms) = preSolution
		CD_ROM|Any CPU = CD_ROM|Any CPU
		CD_ROM|Mixed Platforms = CD_ROM|Mixed Platforms
		CD_ROM|x86 = CD_ROM|x86
		Debug|Any CPU = Debug|Any CPU
		Debug|Mixed Platforms = Debug|Mixed Platforms
		Debug|x86 = Debug|x86
		DVD-5|Any CPU = DVD-5|Any CPU
		DVD-5|Mixed Platforms = DVD-5|Mixed Platforms
		DVD-5|x86 = DVD-5|x86
		Release|Any CPU = Release|Any CPU
		Release|Mixed Platforms = Release|Mixed Platforms
		Release|x86 = Release|x86
		SingleImage|Any CPU = SingleImage|Any CPU
		SingleImage|Mixed Platforms = SingleImage|Mixed Platforms
		SingleImage|x86 = SingleImage|x86
	EndGlobalSection
	GlobalSection(ProjectConfigurationPlatforms) = postSolution
		{A755B7A0-75A7-4243-BE83-719632696191}.CD_ROM|Any CPU.ActiveCfg = Debug|Any CPU
		{A755B7A0-75A7-4243-BE83-719632696191}.CD_ROM|Any CPU.Build.0 = Debug|Any CPU
		{A755B7A0-75A7-4243-BE83-719632696191}.CD_ROM|Mixed Platforms.ActiveCfg = Release|x86
		{A755B7A0-75A7-4243-BE83-719632696191}.CD_ROM|Mixed Platforms.Build.0 = Release|x86
		{A755B7A0-75A7-4243-BE83-719632696191}.CD_ROM|x86.ActiveCfg = Release|x86
		{A755B7A0-75A7-4243-BE83-719632696191}.CD_ROM|x86.Build.0 = Release|x86
		{A755B7A0-75A7-4243-BE83-719632696191}.Debug|Any CPU.ActiveCfg = Debug|x86
		{A755B7A0-75A7-4243-BE83-719632696191}.Debug|Any CPU.Build.0 = Debug|x86
		{A755B7A0-75A7-4243-BE83-719632696191}.Debug|Mixed Platforms.ActiveCfg = Debug|x86
		{A755B7A0-75A7-4243-BE83-719632696191}.Debug|Mixed Platforms.Build.0 = Debug|x86
		{A755B7A0-75A7-4243-BE83-719632696191}.Debug|x86.ActiveCfg = Debug|x86
		{A755B7A0-75A7-4243-BE83-719632696191}.Debug|x86.Build.0 = Debug|x86
		{A755B7A0-75A7-4243-BE83-719632696191}.DVD-5|Any CPU.ActiveCfg = Debug|Any CPU
		{A755B7A0-75A7-4243-BE83-719632696191}.DVD-5|Any CPU.Build.0 = Debug|Any CPU
		{A755B7A0-75A7-4243-BE83-719632696191}.DVD-5|Mixed Platforms.ActiveCfg = Debug|x86
		{A755B7A0-75A7-4243-BE83-719632696191}.DVD-5|Mixed Platforms.Build.0 = Debug|x86
		{A755B7A0-75A7-4243-BE83-719632696191}.DVD-5|x86.ActiveCfg = Debug|x86
		{A755B7A0-75A7-4243-BE83-719632696191}.DVD-5|x86.Build.0 = Debug|x86
		{A755B7A0-75A7-4243-BE83-719632696191}.Release|Any CPU.ActiveCfg = Release|Any CPU
		{A755B7A0-75A7-4243-BE83-719632696191}.Release|Any CPU.Build.0 = Release|Any CPU
		{A755B7A0-75A7-4243-BE83-719632696191}.Release|Mixed Platforms.ActiveCfg = Release|x86
		{A755B7A0-75A7-4243-BE83-719632696191}.Release|Mixed Platforms.Build.0 = Release|x86
		{A755B7A0-75A7-4243-BE83-719632696191}.Release|x86.ActiveCfg = Release|x86
		{A755B7A0-75A7-4243-BE83-719632696191}.Release|x86.Build.0 = Release|x86
		{A755B7A0-75A7-4243-BE83-719632696191}.SingleImage|Any CPU.ActiveCfg = Debug|Any CPU
		{A755B7A0-75A7-4243-BE83-719632696191}.SingleImage|Any CPU.Build.0 = Debug|Any CPU
		{A755B7A0-75A7-4243-BE83-719632696191}.SingleImage|Mixed Platforms.ActiveCfg = Release|x86
		{A755B7A0-75A7-4243-BE83-719632696191}.SingleImage|Mixed Platforms.Build.0 = Release|x86
		{A755B7A0-75A7-4243-BE83-719632696191}.SingleImage|x86.ActiveCfg = Release|x86
		{A755B7A0-75A7-4243-BE83-719632696191}.SingleImage|x86.Build.0 = Release|x86
		{193BB801-054F-4729-9D5D-FCE1E32594BF}.CD_ROM|Any CPU.ActiveCfg = Debug|Any CPU
		{193BB801-054F-4729-9D5D-FCE1E32594BF}.CD_ROM|Any CPU.Build.0 = Debug|Any CPU
		{193BB801-054F-4729-9D5D-FCE1E32594BF}.CD_ROM|Mixed Platforms.ActiveCfg = Release|x86
		{193BB801-054F-4729-9D5D-FCE1E32594BF}.CD_ROM|Mixed Platforms.Build.0 = Release|x86
		{193BB801-054F-4729-9D5D-FCE1E32594BF}.CD_ROM|x86.ActiveCfg = Release|x86
		{193BB801-054F-4729-9D5D-FCE1E32594BF}.CD_ROM|x86.Build.0 = Release|x86
		{193BB801-054F-4729-9D5D-FCE1E32594BF}.Debug|Any CPU.ActiveCfg = Debug|x86
		{193BB801-054F-4729-9D5D-FCE1E32594BF}.Debug|Any CPU.Build.0 = Debug|x86
		{193BB801-054F-4729-9D5D-FCE1E32594BF}.Debug|Mixed Platforms.ActiveCfg = Debug|x86
		{193BB801-054F-4729-9D5D-FCE1E32594BF}.Debug|Mixed Platforms.Build.0 = Debug|x86
		{193BB801-054F-4729-9D5D-FCE1E32594BF}.Debug|x86.ActiveCfg = Debug|x86
		{193BB801-054F-4729-9D5D-FCE1E32594BF}.Debug|x86.Build.0 = Debug|x86
		{193BB801-054F-4729-9D5D-FCE1E32594BF}.DVD-5|Any CPU.ActiveCfg = Debug|Any CPU
		{193BB801-054F-4729-9D5D-FCE1E32594BF}.DVD-5|Any CPU.Build.0 = Debug|Any CPU
		{193BB801-054F-4729-9D5D-FCE1E32594BF}.DVD-5|Mixed Platforms.ActiveCfg = Debug|x86
		{193BB801-054F-4729-9D5D-FCE1E32594BF}.DVD-5|Mixed Platforms.Build.0 = Debug|x86
		{193BB801-054F-4729-9D5D-FCE1E32594BF}.DVD-5|x86.ActiveCfg = Debug|x86
		{193BB801-054F-4729-9D5D-FCE1E32594BF}.DVD-5|x86.Build.0 = Debug|x86
		{193BB801-054F-4729-9D5D-FCE1E32594BF}.Release|Any CPU.ActiveCfg = Release|Any CPU
		{193BB801-054F-4729-9D5D-FCE1E32594BF}.Release|Any CPU.Build.0 = Release|Any CPU
		{193BB801-054F-4729-9D5D-FCE1E32594BF}.Release|Mixed Platforms.ActiveCfg = Release|x86
		{193BB801-054F-4729-9D5D-FCE1E32594BF}.Release|Mixed Platforms.Build.0 = Release|x86
		{193BB801-054F-4729-9D5D-FCE1E32594BF}.Release|x86.ActiveCfg = Release|x86
		{193BB801-054F-4729-9D5D-FCE1E32594BF}.Release|x86.Build.0 = Release|x86
		{193BB801-054F-4729-9D5D-FCE1E32594BF}.SingleImage|Any CPU.ActiveCfg = Debug|Any CPU
		{193BB801-054F-4729-9D5D-FCE1E32594BF}.SingleImage|Any CPU.Build.0 = Debug|Any CPU
		{193BB801-054F-4729-9D5D-FCE1E32594BF}.SingleImage|Mixed Platforms.ActiveCfg = Release|x86
		{193BB801-054F-4729-9D5D-FCE1E32594BF}.SingleImage|Mixed Platforms.Build.0 = Release|x86
		{193BB801-054F-4729-9D5D-FCE1E32594BF}.SingleImage|x86.ActiveCfg = Release|x86
		{193BB801-054F-4729-9D5D-FCE1E32594BF}.SingleImage|x86.Build.0 = Release|x86
		{11DC3F2B-6112-4FE3-B786-0DC13E764B4F}.CD_ROM|Any CPU.ActiveCfg = Release|Any CPU
		{11DC3F2B-6112-4FE3-B786-0DC13E764B4F}.CD_ROM|Any CPU.Build.0 = Release|Any CPU
		{11DC3F2B-6112-4FE3-B786-0DC13E764B4F}.CD_ROM|Mixed Platforms.ActiveCfg = Release|x86
		{11DC3F2B-6112-4FE3-B786-0DC13E764B4F}.CD_ROM|Mixed Platforms.Build.0 = Release|x86
		{11DC3F2B-6112-4FE3-B786-0DC13E764B4F}.CD_ROM|x86.ActiveCfg = Release|x86
		{11DC3F2B-6112-4FE3-B786-0DC13E764B4F}.CD_ROM|x86.Build.0 = Release|x86
		{11DC3F2B-6112-4FE3-B786-0DC13E764B4F}.Debug|Any CPU.ActiveCfg = Debug|Any CPU
		{11DC3F2B-6112-4FE3-B786-0DC13E764B4F}.Debug|Any CPU.Build.0 = Debug|Any CPU
		{11DC3F2B-6112-4FE3-B786-0DC13E764B4F}.Debug|Mixed Platforms.ActiveCfg = Debug|x86
		{11DC3F2B-6112-4FE3-B786-0DC13E764B4F}.Debug|Mixed Platforms.Build.0 = Debug|x86
		{11DC3F2B-6112-4FE3-B786-0DC13E764B4F}.Debug|x86.ActiveCfg = Debug|x86
		{11DC3F2B-6112-4FE3-B786-0DC13E764B4F}.Debug|x86.Build.0 = Debug|x86
		{11DC3F2B-6112-4FE3-B786-0DC13E764B4F}.DVD-5|Any CPU.ActiveCfg = Debug|Any CPU
		{11DC3F2B-6112-4FE3-B786-0DC13E764B4F}.DVD-5|Any CPU.Build.0 = Debug|Any CPU
		{11DC3F2B-6112-4FE3-B786-0DC13E764B4F}.DVD-5|Mixed Platforms.ActiveCfg = Debug|x86
		{11DC3F2B-6112-4FE3-B786-0DC13E764B4F}.DVD-5|Mixed Platforms.Build.0 = Debug|x86
		{11DC3F2B-6112-4FE3-B786-0DC13E764B4F}.DVD-5|x86.ActiveCfg = Debug|x86
		{11DC3F2B-6112-4FE3-B786-0DC13E764B4F}.DVD-5|x86.Build.0 = Debug|x86
		{11DC3F2B-6112-4FE3-B786-0DC13E764B4F}.Release|Any CPU.ActiveCfg = Release|Any CPU
		{11DC3F2B-6112-4FE3-B786-0DC13E764B4F}.Release|Any CPU.Build.0 = Release|Any CPU
		{11DC3F2B-6112-4FE3-B786-0DC13E764B4F}.Release|Mixed Platforms.ActiveCfg = Release|x86
		{11DC3F2B-6112-4FE3-B786-0DC13E764B4F}.Release|Mixed Platforms.Build.0 = Release|x86
		{11DC3F2B-6112-4FE3-B786-0DC13E764B4F}.Release|x86.ActiveCfg = Release|x86
		{11DC3F2B-6112-4FE3-B786-0DC13E764B4F}.Release|x86.Build.0 = Release|x86
		{11DC3F2B-6112-4FE3-B786-0DC13E764B4F}.SingleImage|Any CPU.ActiveCfg = Release|Any CPU
		{11DC3F2B-6112-4FE3-B786-0DC13E764B4F}.SingleImage|Any CPU.Build.0 = Release|Any CPU
		{11DC3F2B-6112-4FE3-B786-0DC13E764B4F}.SingleImage|Mixed Platforms.ActiveCfg = Release|x86
		{11DC3F2B-6112-4FE3-B786-0DC13E764B4F}.SingleImage|Mixed Platforms.Build.0 = Release|x86
		{11DC3F2B-6112-4FE3-B786-0DC13E764B4F}.SingleImage|x86.ActiveCfg = Release|x86
		{11DC3F2B-6112-4FE3-B786-0DC13E764B4F}.SingleImage|x86.Build.0 = Release|x86
		{A74115C8-8F65-4EF1-978A-B120DBAAA166}.CD_ROM|Any CPU.ActiveCfg = Release|Any CPU
		{A74115C8-8F65-4EF1-978A-B120DBAAA166}.CD_ROM|Any CPU.Build.0 = Release|Any CPU
		{A74115C8-8F65-4EF1-978A-B120DBAAA166}.CD_ROM|Mixed Platforms.ActiveCfg = Release|x86
		{A74115C8-8F65-4EF1-978A-B120DBAAA166}.CD_ROM|Mixed Platforms.Build.0 = Release|x86
		{A74115C8-8F65-4EF1-978A-B120DBAAA166}.CD_ROM|x86.ActiveCfg = Release|x86
		{A74115C8-8F65-4EF1-978A-B120DBAAA166}.CD_ROM|x86.Build.0 = Release|x86
		{A74115C8-8F65-4EF1-978A-B120DBAAA166}.Debug|Any CPU.ActiveCfg = Debug|Any CPU
		{A74115C8-8F65-4EF1-978A-B120DBAAA166}.Debug|Any CPU.Build.0 = Debug|Any CPU
		{A74115C8-8F65-4EF1-978A-B120DBAAA166}.Debug|Mixed Platforms.ActiveCfg = Debug|x86
		{A74115C8-8F65-4EF1-978A-B120DBAAA166}.Debug|Mixed Platforms.Build.0 = Debug|x86
		{A74115C8-8F65-4EF1-978A-B120DBAAA166}.Debug|x86.ActiveCfg = Debug|Any CPU
		{A74115C8-8F65-4EF1-978A-B120DBAAA166}.DVD-5|Any CPU.ActiveCfg = Debug|Any CPU
		{A74115C8-8F65-4EF1-978A-B120DBAAA166}.DVD-5|Any CPU.Build.0 = Debug|Any CPU
		{A74115C8-8F65-4EF1-978A-B120DBAAA166}.DVD-5|Mixed Platforms.ActiveCfg = Debug|x86
		{A74115C8-8F65-4EF1-978A-B120DBAAA166}.DVD-5|Mixed Platforms.Build.0 = Debug|x86
		{A74115C8-8F65-4EF1-978A-B120DBAAA166}.DVD-5|x86.ActiveCfg = Debug|x86
		{A74115C8-8F65-4EF1-978A-B120DBAAA166}.DVD-5|x86.Build.0 = Debug|x86
		{A74115C8-8F65-4EF1-978A-B120DBAAA166}.Release|Any CPU.ActiveCfg = Release|Any CPU
		{A74115C8-8F65-4EF1-978A-B120DBAAA166}.Release|Any CPU.Build.0 = Release|Any CPU
		{A74115C8-8F65-4EF1-978A-B120DBAAA166}.Release|Mixed Platforms.ActiveCfg = Release|Any CPU
		{A74115C8-8F65-4EF1-978A-B120DBAAA166}.Release|Mixed Platforms.Build.0 = Release|Any CPU
		{A74115C8-8F65-4EF1-978A-B120DBAAA166}.Release|x86.ActiveCfg = Release|Any CPU
		{A74115C8-8F65-4EF1-978A-B120DBAAA166}.SingleImage|Any CPU.ActiveCfg = Release|Any CPU
		{A74115C8-8F65-4EF1-978A-B120DBAAA166}.SingleImage|Any CPU.Build.0 = Release|Any CPU
		{A74115C8-8F65-4EF1-978A-B120DBAAA166}.SingleImage|Mixed Platforms.ActiveCfg = Release|x86
		{A74115C8-8F65-4EF1-978A-B120DBAAA166}.SingleImage|Mixed Platforms.Build.0 = Release|x86
		{A74115C8-8F65-4EF1-978A-B120DBAAA166}.SingleImage|x86.ActiveCfg = Release|x86
		{A74115C8-8F65-4EF1-978A-B120DBAAA166}.SingleImage|x86.Build.0 = Release|x86
		{7A19E670-7E80-4AAD-9DF0-FDD1E3438B52}.CD_ROM|Any CPU.ActiveCfg = Release|x86
		{7A19E670-7E80-4AAD-9DF0-FDD1E3438B52}.CD_ROM|Mixed Platforms.ActiveCfg = Release|x86
		{7A19E670-7E80-4AAD-9DF0-FDD1E3438B52}.CD_ROM|Mixed Platforms.Build.0 = Release|x86
		{7A19E670-7E80-4AAD-9DF0-FDD1E3438B52}.CD_ROM|x86.ActiveCfg = Release|x86
		{7A19E670-7E80-4AAD-9DF0-FDD1E3438B52}.CD_ROM|x86.Build.0 = Release|x86
		{7A19E670-7E80-4AAD-9DF0-FDD1E3438B52}.Debug|Any CPU.ActiveCfg = Debug|x86
		{7A19E670-7E80-4AAD-9DF0-FDD1E3438B52}.Debug|Mixed Platforms.ActiveCfg = Debug|x86
		{7A19E670-7E80-4AAD-9DF0-FDD1E3438B52}.Debug|Mixed Platforms.Build.0 = Debug|x86
		{7A19E670-7E80-4AAD-9DF0-FDD1E3438B52}.Debug|x86.ActiveCfg = Debug|x86
		{7A19E670-7E80-4AAD-9DF0-FDD1E3438B52}.Debug|x86.Build.0 = Debug|x86
		{7A19E670-7E80-4AAD-9DF0-FDD1E3438B52}.DVD-5|Any CPU.ActiveCfg = Debug|x86
		{7A19E670-7E80-4AAD-9DF0-FDD1E3438B52}.DVD-5|Mixed Platforms.ActiveCfg = Debug|x86
		{7A19E670-7E80-4AAD-9DF0-FDD1E3438B52}.DVD-5|Mixed Platforms.Build.0 = Debug|x86
		{7A19E670-7E80-4AAD-9DF0-FDD1E3438B52}.DVD-5|x86.ActiveCfg = Debug|x86
		{7A19E670-7E80-4AAD-9DF0-FDD1E3438B52}.DVD-5|x86.Build.0 = Debug|x86
		{7A19E670-7E80-4AAD-9DF0-FDD1E3438B52}.Release|Any CPU.ActiveCfg = Release|x86
		{7A19E670-7E80-4AAD-9DF0-FDD1E3438B52}.Release|Mixed Platforms.ActiveCfg = Release|x86
		{7A19E670-7E80-4AAD-9DF0-FDD1E3438B52}.Release|Mixed Platforms.Build.0 = Release|x86
		{7A19E670-7E80-4AAD-9DF0-FDD1E3438B52}.Release|x86.ActiveCfg = Release|x86
		{7A19E670-7E80-4AAD-9DF0-FDD1E3438B52}.Release|x86.Build.0 = Release|x86
		{7A19E670-7E80-4AAD-9DF0-FDD1E3438B52}.SingleImage|Any CPU.ActiveCfg = Release|x86
		{7A19E670-7E80-4AAD-9DF0-FDD1E3438B52}.SingleImage|Mixed Platforms.ActiveCfg = Release|x86
		{7A19E670-7E80-4AAD-9DF0-FDD1E3438B52}.SingleImage|Mixed Platforms.Build.0 = Release|x86
		{7A19E670-7E80-4AAD-9DF0-FDD1E3438B52}.SingleImage|x86.ActiveCfg = Release|x86
		{7A19E670-7E80-4AAD-9DF0-FDD1E3438B52}.SingleImage|x86.Build.0 = Release|x86
		{60C41D4B-8DE7-41AC-B6BA-B861A2E760EC}.CD_ROM|Any CPU.ActiveCfg = Release|Any CPU
		{60C41D4B-8DE7-41AC-B6BA-B861A2E760EC}.CD_ROM|Any CPU.Build.0 = Release|Any CPU
		{60C41D4B-8DE7-41AC-B6BA-B861A2E760EC}.CD_ROM|Mixed Platforms.ActiveCfg = Release|x86
		{60C41D4B-8DE7-41AC-B6BA-B861A2E760EC}.CD_ROM|Mixed Platforms.Build.0 = Release|x86
		{60C41D4B-8DE7-41AC-B6BA-B861A2E760EC}.CD_ROM|x86.ActiveCfg = Release|x86
		{60C41D4B-8DE7-41AC-B6BA-B861A2E760EC}.CD_ROM|x86.Build.0 = Release|x86
		{60C41D4B-8DE7-41AC-B6BA-B861A2E760EC}.Debug|Any CPU.ActiveCfg = Debug|Any CPU
		{60C41D4B-8DE7-41AC-B6BA-B861A2E760EC}.Debug|Any CPU.Build.0 = Debug|Any CPU
		{60C41D4B-8DE7-41AC-B6BA-B861A2E760EC}.Debug|Mixed Platforms.ActiveCfg = Debug|x86
		{60C41D4B-8DE7-41AC-B6BA-B861A2E760EC}.Debug|Mixed Platforms.Build.0 = Debug|x86
		{60C41D4B-8DE7-41AC-B6BA-B861A2E760EC}.Debug|x86.ActiveCfg = Debug|x86
		{60C41D4B-8DE7-41AC-B6BA-B861A2E760EC}.Debug|x86.Build.0 = Debug|x86
		{60C41D4B-8DE7-41AC-B6BA-B861A2E760EC}.DVD-5|Any CPU.ActiveCfg = Debug|Any CPU
		{60C41D4B-8DE7-41AC-B6BA-B861A2E760EC}.DVD-5|Any CPU.Build.0 = Debug|Any CPU
		{60C41D4B-8DE7-41AC-B6BA-B861A2E760EC}.DVD-5|Mixed Platforms.ActiveCfg = Debug|x86
		{60C41D4B-8DE7-41AC-B6BA-B861A2E760EC}.DVD-5|Mixed Platforms.Build.0 = Debug|x86
		{60C41D4B-8DE7-41AC-B6BA-B861A2E760EC}.DVD-5|x86.ActiveCfg = Debug|x86
		{60C41D4B-8DE7-41AC-B6BA-B861A2E760EC}.DVD-5|x86.Build.0 = Debug|x86
		{60C41D4B-8DE7-41AC-B6BA-B861A2E760EC}.Release|Any CPU.ActiveCfg = Release|Any CPU
		{60C41D4B-8DE7-41AC-B6BA-B861A2E760EC}.Release|Any CPU.Build.0 = Release|Any CPU
		{60C41D4B-8DE7-41AC-B6BA-B861A2E760EC}.Release|Mixed Platforms.ActiveCfg = Release|x86
		{60C41D4B-8DE7-41AC-B6BA-B861A2E760EC}.Release|Mixed Platforms.Build.0 = Release|x86
		{60C41D4B-8DE7-41AC-B6BA-B861A2E760EC}.Release|x86.ActiveCfg = Release|x86
		{60C41D4B-8DE7-41AC-B6BA-B861A2E760EC}.Release|x86.Build.0 = Release|x86
		{60C41D4B-8DE7-41AC-B6BA-B861A2E760EC}.SingleImage|Any CPU.ActiveCfg = Release|Any CPU
		{60C41D4B-8DE7-41AC-B6BA-B861A2E760EC}.SingleImage|Any CPU.Build.0 = Release|Any CPU
		{60C41D4B-8DE7-41AC-B6BA-B861A2E760EC}.SingleImage|Mixed Platforms.ActiveCfg = Release|x86
		{60C41D4B-8DE7-41AC-B6BA-B861A2E760EC}.SingleImage|Mixed Platforms.Build.0 = Release|x86
		{60C41D4B-8DE7-41AC-B6BA-B861A2E760EC}.SingleImage|x86.ActiveCfg = Release|x86
		{60C41D4B-8DE7-41AC-B6BA-B861A2E760EC}.SingleImage|x86.Build.0 = Release|x86
		{19757D0C-9EDE-4B15-B19F-CB62D6E5445B}.CD_ROM|Any CPU.ActiveCfg = Release|Any CPU
		{19757D0C-9EDE-4B15-B19F-CB62D6E5445B}.CD_ROM|Any CPU.Build.0 = Release|Any CPU
		{19757D0C-9EDE-4B15-B19F-CB62D6E5445B}.CD_ROM|Mixed Platforms.ActiveCfg = Release|x86
		{19757D0C-9EDE-4B15-B19F-CB62D6E5445B}.CD_ROM|Mixed Platforms.Build.0 = Release|x86
		{19757D0C-9EDE-4B15-B19F-CB62D6E5445B}.CD_ROM|x86.ActiveCfg = Release|x86
		{19757D0C-9EDE-4B15-B19F-CB62D6E5445B}.CD_ROM|x86.Build.0 = Release|x86
		{19757D0C-9EDE-4B15-B19F-CB62D6E5445B}.Debug|Any CPU.ActiveCfg = Debug|Any CPU
		{19757D0C-9EDE-4B15-B19F-CB62D6E5445B}.Debug|Any CPU.Build.0 = Debug|Any CPU
		{19757D0C-9EDE-4B15-B19F-CB62D6E5445B}.Debug|Mixed Platforms.ActiveCfg = Debug|x86
		{19757D0C-9EDE-4B15-B19F-CB62D6E5445B}.Debug|Mixed Platforms.Build.0 = Debug|x86
		{19757D0C-9EDE-4B15-B19F-CB62D6E5445B}.Debug|x86.ActiveCfg = Debug|x86
		{19757D0C-9EDE-4B15-B19F-CB62D6E5445B}.Debug|x86.Build.0 = Debug|x86
		{19757D0C-9EDE-4B15-B19F-CB62D6E5445B}.DVD-5|Any CPU.ActiveCfg = Debug|Any CPU
		{19757D0C-9EDE-4B15-B19F-CB62D6E5445B}.DVD-5|Any CPU.Build.0 = Debug|Any CPU
		{19757D0C-9EDE-4B15-B19F-CB62D6E5445B}.DVD-5|Mixed Platforms.ActiveCfg = Debug|x86
		{19757D0C-9EDE-4B15-B19F-CB62D6E5445B}.DVD-5|Mixed Platforms.Build.0 = Debug|x86
		{19757D0C-9EDE-4B15-B19F-CB62D6E5445B}.DVD-5|x86.ActiveCfg = Debug|x86
		{19757D0C-9EDE-4B15-B19F-CB62D6E5445B}.DVD-5|x86.Build.0 = Debug|x86
		{19757D0C-9EDE-4B15-B19F-CB62D6E5445B}.Release|Any CPU.ActiveCfg = Release|Any CPU
		{19757D0C-9EDE-4B15-B19F-CB62D6E5445B}.Release|Any CPU.Build.0 = Release|Any CPU
		{19757D0C-9EDE-4B15-B19F-CB62D6E5445B}.Release|Mixed Platforms.ActiveCfg = Release|x86
		{19757D0C-9EDE-4B15-B19F-CB62D6E5445B}.Release|Mixed Platforms.Build.0 = Release|x86
		{19757D0C-9EDE-4B15-B19F-CB62D6E5445B}.Release|x86.ActiveCfg = Release|x86
		{19757D0C-9EDE-4B15-B19F-CB62D6E5445B}.Release|x86.Build.0 = Release|x86
		{19757D0C-9EDE-4B15-B19F-CB62D6E5445B}.SingleImage|Any CPU.ActiveCfg = Release|Any CPU
		{19757D0C-9EDE-4B15-B19F-CB62D6E5445B}.SingleImage|Any CPU.Build.0 = Release|Any CPU
		{19757D0C-9EDE-4B15-B19F-CB62D6E5445B}.SingleImage|Mixed Platforms.ActiveCfg = Release|x86
		{19757D0C-9EDE-4B15-B19F-CB62D6E5445B}.SingleImage|Mixed Platforms.Build.0 = Release|x86
		{19757D0C-9EDE-4B15-B19F-CB62D6E5445B}.SingleImage|x86.ActiveCfg = Release|x86
		{19757D0C-9EDE-4B15-B19F-CB62D6E5445B}.SingleImage|x86.Build.0 = Release|x86
		{18AF81BA-A230-4FB9-83AD-206A93F3F823}.CD_ROM|Any CPU.ActiveCfg = Release|Any CPU
		{18AF81BA-A230-4FB9-83AD-206A93F3F823}.CD_ROM|Any CPU.Build.0 = Release|Any CPU
		{18AF81BA-A230-4FB9-83AD-206A93F3F823}.CD_ROM|Mixed Platforms.ActiveCfg = Release|x86
		{18AF81BA-A230-4FB9-83AD-206A93F3F823}.CD_ROM|Mixed Platforms.Build.0 = Release|x86
		{18AF81BA-A230-4FB9-83AD-206A93F3F823}.CD_ROM|x86.ActiveCfg = Release|x86
		{18AF81BA-A230-4FB9-83AD-206A93F3F823}.CD_ROM|x86.Build.0 = Release|x86
		{18AF81BA-A230-4FB9-83AD-206A93F3F823}.Debug|Any CPU.ActiveCfg = Debug|Any CPU
		{18AF81BA-A230-4FB9-83AD-206A93F3F823}.Debug|Any CPU.Build.0 = Debug|Any CPU
		{18AF81BA-A230-4FB9-83AD-206A93F3F823}.Debug|Mixed Platforms.ActiveCfg = Debug|x86
		{18AF81BA-A230-4FB9-83AD-206A93F3F823}.Debug|Mixed Platforms.Build.0 = Debug|x86
		{18AF81BA-A230-4FB9-83AD-206A93F3F823}.Debug|x86.ActiveCfg = Debug|x86
		{18AF81BA-A230-4FB9-83AD-206A93F3F823}.Debug|x86.Build.0 = Debug|x86
		{18AF81BA-A230-4FB9-83AD-206A93F3F823}.DVD-5|Any CPU.ActiveCfg = Debug|Any CPU
		{18AF81BA-A230-4FB9-83AD-206A93F3F823}.DVD-5|Any CPU.Build.0 = Debug|Any CPU
		{18AF81BA-A230-4FB9-83AD-206A93F3F823}.DVD-5|Mixed Platforms.ActiveCfg = Debug|x86
		{18AF81BA-A230-4FB9-83AD-206A93F3F823}.DVD-5|Mixed Platforms.Build.0 = Debug|x86
		{18AF81BA-A230-4FB9-83AD-206A93F3F823}.DVD-5|x86.ActiveCfg = Debug|x86
		{18AF81BA-A230-4FB9-83AD-206A93F3F823}.DVD-5|x86.Build.0 = Debug|x86
		{18AF81BA-A230-4FB9-83AD-206A93F3F823}.Release|Any CPU.ActiveCfg = Release|Any CPU
		{18AF81BA-A230-4FB9-83AD-206A93F3F823}.Release|Any CPU.Build.0 = Release|Any CPU
		{18AF81BA-A230-4FB9-83AD-206A93F3F823}.Release|Mixed Platforms.ActiveCfg = Release|x86
		{18AF81BA-A230-4FB9-83AD-206A93F3F823}.Release|Mixed Platforms.Build.0 = Release|x86
		{18AF81BA-A230-4FB9-83AD-206A93F3F823}.Release|x86.ActiveCfg = Release|x86
		{18AF81BA-A230-4FB9-83AD-206A93F3F823}.Release|x86.Build.0 = Release|x86
		{18AF81BA-A230-4FB9-83AD-206A93F3F823}.SingleImage|Any CPU.ActiveCfg = Release|Any CPU
		{18AF81BA-A230-4FB9-83AD-206A93F3F823}.SingleImage|Any CPU.Build.0 = Release|Any CPU
		{18AF81BA-A230-4FB9-83AD-206A93F3F823}.SingleImage|Mixed Platforms.ActiveCfg = Release|x86
		{18AF81BA-A230-4FB9-83AD-206A93F3F823}.SingleImage|Mixed Platforms.Build.0 = Release|x86
		{18AF81BA-A230-4FB9-83AD-206A93F3F823}.SingleImage|x86.ActiveCfg = Release|x86
		{18AF81BA-A230-4FB9-83AD-206A93F3F823}.SingleImage|x86.Build.0 = Release|x86
		{98C7F36F-B9C0-4FFC-94B6-564010D09EF5}.CD_ROM|Any CPU.ActiveCfg = Release|Any CPU
		{98C7F36F-B9C0-4FFC-94B6-564010D09EF5}.CD_ROM|Any CPU.Build.0 = Release|Any CPU
		{98C7F36F-B9C0-4FFC-94B6-564010D09EF5}.CD_ROM|Mixed Platforms.ActiveCfg = Release|x86
		{98C7F36F-B9C0-4FFC-94B6-564010D09EF5}.CD_ROM|Mixed Platforms.Build.0 = Release|x86
		{98C7F36F-B9C0-4FFC-94B6-564010D09EF5}.CD_ROM|x86.ActiveCfg = Release|x86
		{98C7F36F-B9C0-4FFC-94B6-564010D09EF5}.CD_ROM|x86.Build.0 = Release|x86
		{98C7F36F-B9C0-4FFC-94B6-564010D09EF5}.Debug|Any CPU.ActiveCfg = Debug|Any CPU
		{98C7F36F-B9C0-4FFC-94B6-564010D09EF5}.Debug|Any CPU.Build.0 = Debug|Any CPU
		{98C7F36F-B9C0-4FFC-94B6-564010D09EF5}.Debug|Mixed Platforms.ActiveCfg = Debug|x86
		{98C7F36F-B9C0-4FFC-94B6-564010D09EF5}.Debug|Mixed Platforms.Build.0 = Debug|x86
		{98C7F36F-B9C0-4FFC-94B6-564010D09EF5}.Debug|x86.ActiveCfg = Debug|x86
		{98C7F36F-B9C0-4FFC-94B6-564010D09EF5}.Debug|x86.Build.0 = Debug|x86
		{98C7F36F-B9C0-4FFC-94B6-564010D09EF5}.DVD-5|Any CPU.ActiveCfg = Debug|Any CPU
		{98C7F36F-B9C0-4FFC-94B6-564010D09EF5}.DVD-5|Any CPU.Build.0 = Debug|Any CPU
		{98C7F36F-B9C0-4FFC-94B6-564010D09EF5}.DVD-5|Mixed Platforms.ActiveCfg = Debug|x86
		{98C7F36F-B9C0-4FFC-94B6-564010D09EF5}.DVD-5|Mixed Platforms.Build.0 = Debug|x86
		{98C7F36F-B9C0-4FFC-94B6-564010D09EF5}.DVD-5|x86.ActiveCfg = Debug|x86
		{98C7F36F-B9C0-4FFC-94B6-564010D09EF5}.DVD-5|x86.Build.0 = Debug|x86
		{98C7F36F-B9C0-4FFC-94B6-564010D09EF5}.Release|Any CPU.ActiveCfg = Release|Any CPU
		{98C7F36F-B9C0-4FFC-94B6-564010D09EF5}.Release|Any CPU.Build.0 = Release|Any CPU
		{98C7F36F-B9C0-4FFC-94B6-564010D09EF5}.Release|Mixed Platforms.ActiveCfg = Release|x86
		{98C7F36F-B9C0-4FFC-94B6-564010D09EF5}.Release|Mixed Platforms.Build.0 = Release|x86
		{98C7F36F-B9C0-4FFC-94B6-564010D09EF5}.Release|x86.ActiveCfg = Release|x86
		{98C7F36F-B9C0-4FFC-94B6-564010D09EF5}.Release|x86.Build.0 = Release|x86
		{98C7F36F-B9C0-4FFC-94B6-564010D09EF5}.SingleImage|Any CPU.ActiveCfg = Release|Any CPU
		{98C7F36F-B9C0-4FFC-94B6-564010D09EF5}.SingleImage|Any CPU.Build.0 = Release|Any CPU
		{98C7F36F-B9C0-4FFC-94B6-564010D09EF5}.SingleImage|Mixed Platforms.ActiveCfg = Release|x86
		{98C7F36F-B9C0-4FFC-94B6-564010D09EF5}.SingleImage|Mixed Platforms.Build.0 = Release|x86
		{98C7F36F-B9C0-4FFC-94B6-564010D09EF5}.SingleImage|x86.ActiveCfg = Release|x86
		{98C7F36F-B9C0-4FFC-94B6-564010D09EF5}.SingleImage|x86.Build.0 = Release|x86
		{99DD5212-BFA1-4B57-8621-D2867634A7D1}.CD_ROM|Any CPU.ActiveCfg = Release|Any CPU
		{99DD5212-BFA1-4B57-8621-D2867634A7D1}.CD_ROM|Any CPU.Build.0 = Release|Any CPU
		{99DD5212-BFA1-4B57-8621-D2867634A7D1}.CD_ROM|Mixed Platforms.ActiveCfg = Release|x86
		{99DD5212-BFA1-4B57-8621-D2867634A7D1}.CD_ROM|Mixed Platforms.Build.0 = Release|x86
		{99DD5212-BFA1-4B57-8621-D2867634A7D1}.CD_ROM|x86.ActiveCfg = Release|x86
		{99DD5212-BFA1-4B57-8621-D2867634A7D1}.CD_ROM|x86.Build.0 = Release|x86
		{99DD5212-BFA1-4B57-8621-D2867634A7D1}.Debug|Any CPU.ActiveCfg = Debug|Any CPU
		{99DD5212-BFA1-4B57-8621-D2867634A7D1}.Debug|Any CPU.Build.0 = Debug|Any CPU
		{99DD5212-BFA1-4B57-8621-D2867634A7D1}.Debug|Mixed Platforms.ActiveCfg = Debug|x86
		{99DD5212-BFA1-4B57-8621-D2867634A7D1}.Debug|Mixed Platforms.Build.0 = Debug|x86
		{99DD5212-BFA1-4B57-8621-D2867634A7D1}.Debug|x86.ActiveCfg = Debug|x86
		{99DD5212-BFA1-4B57-8621-D2867634A7D1}.Debug|x86.Build.0 = Debug|x86
		{99DD5212-BFA1-4B57-8621-D2867634A7D1}.DVD-5|Any CPU.ActiveCfg = Debug|Any CPU
		{99DD5212-BFA1-4B57-8621-D2867634A7D1}.DVD-5|Any CPU.Build.0 = Debug|Any CPU
		{99DD5212-BFA1-4B57-8621-D2867634A7D1}.DVD-5|Mixed Platforms.ActiveCfg = Debug|x86
		{99DD5212-BFA1-4B57-8621-D2867634A7D1}.DVD-5|Mixed Platforms.Build.0 = Debug|x86
		{99DD5212-BFA1-4B57-8621-D2867634A7D1}.DVD-5|x86.ActiveCfg = Debug|x86
		{99DD5212-BFA1-4B57-8621-D2867634A7D1}.DVD-5|x86.Build.0 = Debug|x86
		{99DD5212-BFA1-4B57-8621-D2867634A7D1}.Release|Any CPU.ActiveCfg = Release|Any CPU
		{99DD5212-BFA1-4B57-8621-D2867634A7D1}.Release|Any CPU.Build.0 = Release|Any CPU
		{99DD5212-BFA1-4B57-8621-D2867634A7D1}.Release|Mixed Platforms.ActiveCfg = Release|x86
		{99DD5212-BFA1-4B57-8621-D2867634A7D1}.Release|Mixed Platforms.Build.0 = Release|x86
		{99DD5212-BFA1-4B57-8621-D2867634A7D1}.Release|x86.ActiveCfg = Release|x86
		{99DD5212-BFA1-4B57-8621-D2867634A7D1}.Release|x86.Build.0 = Release|x86
		{99DD5212-BFA1-4B57-8621-D2867634A7D1}.SingleImage|Any CPU.ActiveCfg = Release|Any CPU
		{99DD5212-BFA1-4B57-8621-D2867634A7D1}.SingleImage|Any CPU.Build.0 = Release|Any CPU
		{99DD5212-BFA1-4B57-8621-D2867634A7D1}.SingleImage|Mixed Platforms.ActiveCfg = Release|x86
		{99DD5212-BFA1-4B57-8621-D2867634A7D1}.SingleImage|Mixed Platforms.Build.0 = Release|x86
		{99DD5212-BFA1-4B57-8621-D2867634A7D1}.SingleImage|x86.ActiveCfg = Release|x86
		{99DD5212-BFA1-4B57-8621-D2867634A7D1}.SingleImage|x86.Build.0 = Release|x86
		{48A29390-7E0B-4AED-9C8C-D2D708D5C3FC}.CD_ROM|Any CPU.ActiveCfg = Release|Any CPU
		{48A29390-7E0B-4AED-9C8C-D2D708D5C3FC}.CD_ROM|Any CPU.Build.0 = Release|Any CPU
		{48A29390-7E0B-4AED-9C8C-D2D708D5C3FC}.CD_ROM|Mixed Platforms.ActiveCfg = Release|Any CPU
		{48A29390-7E0B-4AED-9C8C-D2D708D5C3FC}.CD_ROM|Mixed Platforms.Build.0 = Release|Any CPU
		{48A29390-7E0B-4AED-9C8C-D2D708D5C3FC}.CD_ROM|x86.ActiveCfg = Release|Any CPU
		{48A29390-7E0B-4AED-9C8C-D2D708D5C3FC}.Debug|Any CPU.ActiveCfg = Debug|Any CPU
		{48A29390-7E0B-4AED-9C8C-D2D708D5C3FC}.Debug|Any CPU.Build.0 = Debug|Any CPU
		{48A29390-7E0B-4AED-9C8C-D2D708D5C3FC}.Debug|Mixed Platforms.ActiveCfg = Debug|Any CPU
		{48A29390-7E0B-4AED-9C8C-D2D708D5C3FC}.Debug|Mixed Platforms.Build.0 = Debug|Any CPU
		{48A29390-7E0B-4AED-9C8C-D2D708D5C3FC}.Debug|x86.ActiveCfg = Debug|Any CPU
		{48A29390-7E0B-4AED-9C8C-D2D708D5C3FC}.DVD-5|Any CPU.ActiveCfg = Debug|Any CPU
		{48A29390-7E0B-4AED-9C8C-D2D708D5C3FC}.DVD-5|Any CPU.Build.0 = Debug|Any CPU
		{48A29390-7E0B-4AED-9C8C-D2D708D5C3FC}.DVD-5|Mixed Platforms.ActiveCfg = Debug|Any CPU
		{48A29390-7E0B-4AED-9C8C-D2D708D5C3FC}.DVD-5|Mixed Platforms.Build.0 = Debug|Any CPU
		{48A29390-7E0B-4AED-9C8C-D2D708D5C3FC}.DVD-5|x86.ActiveCfg = Debug|Any CPU
		{48A29390-7E0B-4AED-9C8C-D2D708D5C3FC}.Release|Any CPU.ActiveCfg = Release|Any CPU
		{48A29390-7E0B-4AED-9C8C-D2D708D5C3FC}.Release|Any CPU.Build.0 = Release|Any CPU
		{48A29390-7E0B-4AED-9C8C-D2D708D5C3FC}.Release|Mixed Platforms.ActiveCfg = Release|Any CPU
		{48A29390-7E0B-4AED-9C8C-D2D708D5C3FC}.Release|Mixed Platforms.Build.0 = Release|Any CPU
		{48A29390-7E0B-4AED-9C8C-D2D708D5C3FC}.Release|x86.ActiveCfg = Release|Any CPU
		{48A29390-7E0B-4AED-9C8C-D2D708D5C3FC}.SingleImage|Any CPU.ActiveCfg = Release|Any CPU
		{48A29390-7E0B-4AED-9C8C-D2D708D5C3FC}.SingleImage|Any CPU.Build.0 = Release|Any CPU
		{48A29390-7E0B-4AED-9C8C-D2D708D5C3FC}.SingleImage|Mixed Platforms.ActiveCfg = Release|Any CPU
		{48A29390-7E0B-4AED-9C8C-D2D708D5C3FC}.SingleImage|Mixed Platforms.Build.0 = Release|Any CPU
		{48A29390-7E0B-4AED-9C8C-D2D708D5C3FC}.SingleImage|x86.ActiveCfg = Release|Any CPU
		{DC700E79-975E-4E8C-A547-0443F66341CC}.CD_ROM|Any CPU.ActiveCfg = Release|Any CPU
		{DC700E79-975E-4E8C-A547-0443F66341CC}.CD_ROM|Any CPU.Build.0 = Release|Any CPU
		{DC700E79-975E-4E8C-A547-0443F66341CC}.CD_ROM|Mixed Platforms.ActiveCfg = Release|Any CPU
		{DC700E79-975E-4E8C-A547-0443F66341CC}.CD_ROM|Mixed Platforms.Build.0 = Release|Any CPU
		{DC700E79-975E-4E8C-A547-0443F66341CC}.CD_ROM|x86.ActiveCfg = Release|Any CPU
		{DC700E79-975E-4E8C-A547-0443F66341CC}.Debug|Any CPU.ActiveCfg = Debug|Any CPU
		{DC700E79-975E-4E8C-A547-0443F66341CC}.Debug|Any CPU.Build.0 = Debug|Any CPU
		{DC700E79-975E-4E8C-A547-0443F66341CC}.Debug|Mixed Platforms.ActiveCfg = Debug|x86
		{DC700E79-975E-4E8C-A547-0443F66341CC}.Debug|x86.ActiveCfg = Debug|Any CPU
		{DC700E79-975E-4E8C-A547-0443F66341CC}.DVD-5|Any CPU.ActiveCfg = Debug|Any CPU
		{DC700E79-975E-4E8C-A547-0443F66341CC}.DVD-5|Any CPU.Build.0 = Debug|Any CPU
		{DC700E79-975E-4E8C-A547-0443F66341CC}.DVD-5|Mixed Platforms.ActiveCfg = Debug|Any CPU
		{DC700E79-975E-4E8C-A547-0443F66341CC}.DVD-5|Mixed Platforms.Build.0 = Debug|Any CPU
		{DC700E79-975E-4E8C-A547-0443F66341CC}.DVD-5|x86.ActiveCfg = Debug|Any CPU
		{DC700E79-975E-4E8C-A547-0443F66341CC}.Release|Any CPU.ActiveCfg = Release|Any CPU
		{DC700E79-975E-4E8C-A547-0443F66341CC}.Release|Any CPU.Build.0 = Release|Any CPU
		{DC700E79-975E-4E8C-A547-0443F66341CC}.Release|Mixed Platforms.ActiveCfg = Release|Any CPU
		{DC700E79-975E-4E8C-A547-0443F66341CC}.Release|Mixed Platforms.Build.0 = Release|Any CPU
		{DC700E79-975E-4E8C-A547-0443F66341CC}.Release|x86.ActiveCfg = Release|Any CPU
		{DC700E79-975E-4E8C-A547-0443F66341CC}.SingleImage|Any CPU.ActiveCfg = Release|Any CPU
		{DC700E79-975E-4E8C-A547-0443F66341CC}.SingleImage|Any CPU.Build.0 = Release|Any CPU
		{DC700E79-975E-4E8C-A547-0443F66341CC}.SingleImage|Mixed Platforms.ActiveCfg = Release|Any CPU
		{DC700E79-975E-4E8C-A547-0443F66341CC}.SingleImage|Mixed Platforms.Build.0 = Release|Any CPU
		{DC700E79-975E-4E8C-A547-0443F66341CC}.SingleImage|x86.ActiveCfg = Release|Any CPU
		{A9CC0E1F-978D-47D9-B405-6E03E5AFEDBE}.CD_ROM|Any CPU.ActiveCfg = Release|Any CPU
		{A9CC0E1F-978D-47D9-B405-6E03E5AFEDBE}.CD_ROM|Any CPU.Build.0 = Release|Any CPU
		{A9CC0E1F-978D-47D9-B405-6E03E5AFEDBE}.CD_ROM|Mixed Platforms.ActiveCfg = Release|x86
		{A9CC0E1F-978D-47D9-B405-6E03E5AFEDBE}.CD_ROM|Mixed Platforms.Build.0 = Release|x86
		{A9CC0E1F-978D-47D9-B405-6E03E5AFEDBE}.CD_ROM|x86.ActiveCfg = Release|x86
		{A9CC0E1F-978D-47D9-B405-6E03E5AFEDBE}.CD_ROM|x86.Build.0 = Release|x86
		{A9CC0E1F-978D-47D9-B405-6E03E5AFEDBE}.Debug|Any CPU.ActiveCfg = Debug|Any CPU
		{A9CC0E1F-978D-47D9-B405-6E03E5AFEDBE}.Debug|Any CPU.Build.0 = Debug|Any CPU
		{A9CC0E1F-978D-47D9-B405-6E03E5AFEDBE}.Debug|Mixed Platforms.ActiveCfg = Debug|x86
		{A9CC0E1F-978D-47D9-B405-6E03E5AFEDBE}.Debug|Mixed Platforms.Build.0 = Debug|x86
		{A9CC0E1F-978D-47D9-B405-6E03E5AFEDBE}.Debug|x86.ActiveCfg = Debug|x86
		{A9CC0E1F-978D-47D9-B405-6E03E5AFEDBE}.Debug|x86.Build.0 = Debug|x86
		{A9CC0E1F-978D-47D9-B405-6E03E5AFEDBE}.DVD-5|Any CPU.ActiveCfg = Debug|Any CPU
		{A9CC0E1F-978D-47D9-B405-6E03E5AFEDBE}.DVD-5|Any CPU.Build.0 = Debug|Any CPU
		{A9CC0E1F-978D-47D9-B405-6E03E5AFEDBE}.DVD-5|Mixed Platforms.ActiveCfg = Debug|x86
		{A9CC0E1F-978D-47D9-B405-6E03E5AFEDBE}.DVD-5|Mixed Platforms.Build.0 = Debug|x86
		{A9CC0E1F-978D-47D9-B405-6E03E5AFEDBE}.DVD-5|x86.ActiveCfg = Debug|x86
		{A9CC0E1F-978D-47D9-B405-6E03E5AFEDBE}.DVD-5|x86.Build.0 = Debug|x86
		{A9CC0E1F-978D-47D9-B405-6E03E5AFEDBE}.Release|Any CPU.ActiveCfg = Release|Any CPU
		{A9CC0E1F-978D-47D9-B405-6E03E5AFEDBE}.Release|Any CPU.Build.0 = Release|Any CPU
		{A9CC0E1F-978D-47D9-B405-6E03E5AFEDBE}.Release|Mixed Platforms.ActiveCfg = Release|x86
		{A9CC0E1F-978D-47D9-B405-6E03E5AFEDBE}.Release|Mixed Platforms.Build.0 = Release|x86
		{A9CC0E1F-978D-47D9-B405-6E03E5AFEDBE}.Release|x86.ActiveCfg = Release|x86
		{A9CC0E1F-978D-47D9-B405-6E03E5AFEDBE}.Release|x86.Build.0 = Release|x86
		{A9CC0E1F-978D-47D9-B405-6E03E5AFEDBE}.SingleImage|Any CPU.ActiveCfg = Release|Any CPU
		{A9CC0E1F-978D-47D9-B405-6E03E5AFEDBE}.SingleImage|Any CPU.Build.0 = Release|Any CPU
		{A9CC0E1F-978D-47D9-B405-6E03E5AFEDBE}.SingleImage|Mixed Platforms.ActiveCfg = Release|x86
		{A9CC0E1F-978D-47D9-B405-6E03E5AFEDBE}.SingleImage|Mixed Platforms.Build.0 = Release|x86
		{A9CC0E1F-978D-47D9-B405-6E03E5AFEDBE}.SingleImage|x86.ActiveCfg = Release|x86
		{A9CC0E1F-978D-47D9-B405-6E03E5AFEDBE}.SingleImage|x86.Build.0 = Release|x86
		{8F73C503-B563-4516-AE8E-898614712C92}.CD_ROM|Any CPU.ActiveCfg = Release|Any CPU
		{8F73C503-B563-4516-AE8E-898614712C92}.CD_ROM|Any CPU.Build.0 = Release|Any CPU
		{8F73C503-B563-4516-AE8E-898614712C92}.CD_ROM|Mixed Platforms.ActiveCfg = Release|x86
		{8F73C503-B563-4516-AE8E-898614712C92}.CD_ROM|Mixed Platforms.Build.0 = Release|x86
		{8F73C503-B563-4516-AE8E-898614712C92}.CD_ROM|x86.ActiveCfg = Release|x86
		{8F73C503-B563-4516-AE8E-898614712C92}.CD_ROM|x86.Build.0 = Release|x86
		{8F73C503-B563-4516-AE8E-898614712C92}.Debug|Any CPU.ActiveCfg = Debug|Any CPU
		{8F73C503-B563-4516-AE8E-898614712C92}.Debug|Any CPU.Build.0 = Debug|Any CPU
		{8F73C503-B563-4516-AE8E-898614712C92}.Debug|Mixed Platforms.ActiveCfg = Debug|x86
		{8F73C503-B563-4516-AE8E-898614712C92}.Debug|Mixed Platforms.Build.0 = Debug|x86
		{8F73C503-B563-4516-AE8E-898614712C92}.Debug|x86.ActiveCfg = Debug|x86
		{8F73C503-B563-4516-AE8E-898614712C92}.Debug|x86.Build.0 = Debug|x86
		{8F73C503-B563-4516-AE8E-898614712C92}.DVD-5|Any CPU.ActiveCfg = Debug|Any CPU
		{8F73C503-B563-4516-AE8E-898614712C92}.DVD-5|Any CPU.Build.0 = Debug|Any CPU
		{8F73C503-B563-4516-AE8E-898614712C92}.DVD-5|Mixed Platforms.ActiveCfg = Debug|x86
		{8F73C503-B563-4516-AE8E-898614712C92}.DVD-5|Mixed Platforms.Build.0 = Debug|x86
		{8F73C503-B563-4516-AE8E-898614712C92}.DVD-5|x86.ActiveCfg = Debug|x86
		{8F73C503-B563-4516-AE8E-898614712C92}.DVD-5|x86.Build.0 = Debug|x86
		{8F73C503-B563-4516-AE8E-898614712C92}.Release|Any CPU.ActiveCfg = Release|Any CPU
		{8F73C503-B563-4516-AE8E-898614712C92}.Release|Any CPU.Build.0 = Release|Any CPU
		{8F73C503-B563-4516-AE8E-898614712C92}.Release|Mixed Platforms.ActiveCfg = Release|x86
		{8F73C503-B563-4516-AE8E-898614712C92}.Release|Mixed Platforms.Build.0 = Release|x86
		{8F73C503-B563-4516-AE8E-898614712C92}.Release|x86.ActiveCfg = Release|x86
		{8F73C503-B563-4516-AE8E-898614712C92}.Release|x86.Build.0 = Release|x86
		{8F73C503-B563-4516-AE8E-898614712C92}.SingleImage|Any CPU.ActiveCfg = Release|Any CPU
		{8F73C503-B563-4516-AE8E-898614712C92}.SingleImage|Any CPU.Build.0 = Release|Any CPU
		{8F73C503-B563-4516-AE8E-898614712C92}.SingleImage|Mixed Platforms.ActiveCfg = Release|x86
		{8F73C503-B563-4516-AE8E-898614712C92}.SingleImage|Mixed Platforms.Build.0 = Release|x86
		{8F73C503-B563-4516-AE8E-898614712C92}.SingleImage|x86.ActiveCfg = Release|x86
		{8F73C503-B563-4516-AE8E-898614712C92}.SingleImage|x86.Build.0 = Release|x86
		{F64CE436-F519-4AC9-9EC8-373724F9FCF4}.CD_ROM|Any CPU.ActiveCfg = Release|Any CPU
		{F64CE436-F519-4AC9-9EC8-373724F9FCF4}.CD_ROM|Any CPU.Build.0 = Release|Any CPU
		{F64CE436-F519-4AC9-9EC8-373724F9FCF4}.CD_ROM|Mixed Platforms.ActiveCfg = Release|Any CPU
		{F64CE436-F519-4AC9-9EC8-373724F9FCF4}.CD_ROM|Mixed Platforms.Build.0 = Release|Any CPU
		{F64CE436-F519-4AC9-9EC8-373724F9FCF4}.CD_ROM|x86.ActiveCfg = Release|Any CPU
		{F64CE436-F519-4AC9-9EC8-373724F9FCF4}.Debug|Any CPU.ActiveCfg = Debug|Any CPU
		{F64CE436-F519-4AC9-9EC8-373724F9FCF4}.Debug|Any CPU.Build.0 = Debug|Any CPU
		{F64CE436-F519-4AC9-9EC8-373724F9FCF4}.Debug|Mixed Platforms.ActiveCfg = Debug|Any CPU
		{F64CE436-F519-4AC9-9EC8-373724F9FCF4}.Debug|Mixed Platforms.Build.0 = Debug|Any CPU
		{F64CE436-F519-4AC9-9EC8-373724F9FCF4}.Debug|x86.ActiveCfg = Debug|Any CPU
		{F64CE436-F519-4AC9-9EC8-373724F9FCF4}.DVD-5|Any CPU.ActiveCfg = Debug|Any CPU
		{F64CE436-F519-4AC9-9EC8-373724F9FCF4}.DVD-5|Any CPU.Build.0 = Debug|Any CPU
		{F64CE436-F519-4AC9-9EC8-373724F9FCF4}.DVD-5|Mixed Platforms.ActiveCfg = Debug|Any CPU
		{F64CE436-F519-4AC9-9EC8-373724F9FCF4}.DVD-5|Mixed Platforms.Build.0 = Debug|Any CPU
		{F64CE436-F519-4AC9-9EC8-373724F9FCF4}.DVD-5|x86.ActiveCfg = Debug|Any CPU
		{F64CE436-F519-4AC9-9EC8-373724F9FCF4}.Release|Any CPU.ActiveCfg = Release|Any CPU
		{F64CE436-F519-4AC9-9EC8-373724F9FCF4}.Release|Any CPU.Build.0 = Release|Any CPU
		{F64CE436-F519-4AC9-9EC8-373724F9FCF4}.Release|Mixed Platforms.ActiveCfg = Release|Any CPU
		{F64CE436-F519-4AC9-9EC8-373724F9FCF4}.Release|Mixed Platforms.Build.0 = Release|Any CPU
		{F64CE436-F519-4AC9-9EC8-373724F9FCF4}.Release|x86.ActiveCfg = Release|Any CPU
		{F64CE436-F519-4AC9-9EC8-373724F9FCF4}.SingleImage|Any CPU.ActiveCfg = Release|Any CPU
		{F64CE436-F519-4AC9-9EC8-373724F9FCF4}.SingleImage|Any CPU.Build.0 = Release|Any CPU
		{F64CE436-F519-4AC9-9EC8-373724F9FCF4}.SingleImage|Mixed Platforms.ActiveCfg = Release|Any CPU
		{F64CE436-F519-4AC9-9EC8-373724F9FCF4}.SingleImage|Mixed Platforms.Build.0 = Release|Any CPU
		{F64CE436-F519-4AC9-9EC8-373724F9FCF4}.SingleImage|x86.ActiveCfg = Release|Any CPU
		{82D3218A-A81F-4C01-9A84-236BB3809404}.CD_ROM|Any CPU.ActiveCfg = Release|Any CPU
		{82D3218A-A81F-4C01-9A84-236BB3809404}.CD_ROM|Any CPU.Build.0 = Release|Any CPU
		{82D3218A-A81F-4C01-9A84-236BB3809404}.CD_ROM|Mixed Platforms.ActiveCfg = Release|x86
		{82D3218A-A81F-4C01-9A84-236BB3809404}.CD_ROM|Mixed Platforms.Build.0 = Release|x86
		{82D3218A-A81F-4C01-9A84-236BB3809404}.CD_ROM|x86.ActiveCfg = Release|x86
		{82D3218A-A81F-4C01-9A84-236BB3809404}.CD_ROM|x86.Build.0 = Release|x86
		{82D3218A-A81F-4C01-9A84-236BB3809404}.Debug|Any CPU.ActiveCfg = Debug|Any CPU
		{82D3218A-A81F-4C01-9A84-236BB3809404}.Debug|Any CPU.Build.0 = Debug|Any CPU
		{82D3218A-A81F-4C01-9A84-236BB3809404}.Debug|Mixed Platforms.ActiveCfg = Debug|x86
		{82D3218A-A81F-4C01-9A84-236BB3809404}.Debug|Mixed Platforms.Build.0 = Debug|x86
		{82D3218A-A81F-4C01-9A84-236BB3809404}.Debug|x86.ActiveCfg = Debug|x86
		{82D3218A-A81F-4C01-9A84-236BB3809404}.Debug|x86.Build.0 = Debug|x86
		{82D3218A-A81F-4C01-9A84-236BB3809404}.DVD-5|Any CPU.ActiveCfg = Debug|Any CPU
		{82D3218A-A81F-4C01-9A84-236BB3809404}.DVD-5|Any CPU.Build.0 = Debug|Any CPU
		{82D3218A-A81F-4C01-9A84-236BB3809404}.DVD-5|Mixed Platforms.ActiveCfg = Debug|x86
		{82D3218A-A81F-4C01-9A84-236BB3809404}.DVD-5|Mixed Platforms.Build.0 = Debug|x86
		{82D3218A-A81F-4C01-9A84-236BB3809404}.DVD-5|x86.ActiveCfg = Debug|x86
		{82D3218A-A81F-4C01-9A84-236BB3809404}.DVD-5|x86.Build.0 = Debug|x86
		{82D3218A-A81F-4C01-9A84-236BB3809404}.Release|Any CPU.ActiveCfg = Release|Any CPU
		{82D3218A-A81F-4C01-9A84-236BB3809404}.Release|Any CPU.Build.0 = Release|Any CPU
		{82D3218A-A81F-4C01-9A84-236BB3809404}.Release|Mixed Platforms.ActiveCfg = Release|x86
		{82D3218A-A81F-4C01-9A84-236BB3809404}.Release|Mixed Platforms.Build.0 = Release|x86
		{82D3218A-A81F-4C01-9A84-236BB3809404}.Release|x86.ActiveCfg = Release|x86
		{82D3218A-A81F-4C01-9A84-236BB3809404}.Release|x86.Build.0 = Release|x86
		{82D3218A-A81F-4C01-9A84-236BB3809404}.SingleImage|Any CPU.ActiveCfg = Release|Any CPU
		{82D3218A-A81F-4C01-9A84-236BB3809404}.SingleImage|Any CPU.Build.0 = Release|Any CPU
		{82D3218A-A81F-4C01-9A84-236BB3809404}.SingleImage|Mixed Platforms.ActiveCfg = Release|x86
		{82D3218A-A81F-4C01-9A84-236BB3809404}.SingleImage|Mixed Platforms.Build.0 = Release|x86
		{82D3218A-A81F-4C01-9A84-236BB3809404}.SingleImage|x86.ActiveCfg = Release|x86
		{82D3218A-A81F-4C01-9A84-236BB3809404}.SingleImage|x86.Build.0 = Release|x86
		{0A275C7B-AA82-4DD4-8712-AE55DA8CCA8F}.CD_ROM|Any CPU.ActiveCfg = Release|Any CPU
		{0A275C7B-AA82-4DD4-8712-AE55DA8CCA8F}.CD_ROM|Any CPU.Build.0 = Release|Any CPU
		{0A275C7B-AA82-4DD4-8712-AE55DA8CCA8F}.CD_ROM|Mixed Platforms.ActiveCfg = Release|x86
		{0A275C7B-AA82-4DD4-8712-AE55DA8CCA8F}.CD_ROM|Mixed Platforms.Build.0 = Release|x86
		{0A275C7B-AA82-4DD4-8712-AE55DA8CCA8F}.CD_ROM|x86.ActiveCfg = Release|x86
		{0A275C7B-AA82-4DD4-8712-AE55DA8CCA8F}.CD_ROM|x86.Build.0 = Release|x86
		{0A275C7B-AA82-4DD4-8712-AE55DA8CCA8F}.Debug|Any CPU.ActiveCfg = Debug|Any CPU
		{0A275C7B-AA82-4DD4-8712-AE55DA8CCA8F}.Debug|Any CPU.Build.0 = Debug|Any CPU
		{0A275C7B-AA82-4DD4-8712-AE55DA8CCA8F}.Debug|Mixed Platforms.ActiveCfg = Debug|x86
		{0A275C7B-AA82-4DD4-8712-AE55DA8CCA8F}.Debug|Mixed Platforms.Build.0 = Debug|x86
		{0A275C7B-AA82-4DD4-8712-AE55DA8CCA8F}.Debug|x86.ActiveCfg = Debug|x86
		{0A275C7B-AA82-4DD4-8712-AE55DA8CCA8F}.Debug|x86.Build.0 = Debug|x86
		{0A275C7B-AA82-4DD4-8712-AE55DA8CCA8F}.DVD-5|Any CPU.ActiveCfg = Debug|Any CPU
		{0A275C7B-AA82-4DD4-8712-AE55DA8CCA8F}.DVD-5|Any CPU.Build.0 = Debug|Any CPU
		{0A275C7B-AA82-4DD4-8712-AE55DA8CCA8F}.DVD-5|Mixed Platforms.ActiveCfg = Debug|x86
		{0A275C7B-AA82-4DD4-8712-AE55DA8CCA8F}.DVD-5|Mixed Platforms.Build.0 = Debug|x86
		{0A275C7B-AA82-4DD4-8712-AE55DA8CCA8F}.DVD-5|x86.ActiveCfg = Debug|x86
		{0A275C7B-AA82-4DD4-8712-AE55DA8CCA8F}.DVD-5|x86.Build.0 = Debug|x86
		{0A275C7B-AA82-4DD4-8712-AE55DA8CCA8F}.Release|Any CPU.ActiveCfg = Release|Any CPU
		{0A275C7B-AA82-4DD4-8712-AE55DA8CCA8F}.Release|Any CPU.Build.0 = Release|Any CPU
		{0A275C7B-AA82-4DD4-8712-AE55DA8CCA8F}.Release|Mixed Platforms.ActiveCfg = Release|x86
		{0A275C7B-AA82-4DD4-8712-AE55DA8CCA8F}.Release|Mixed Platforms.Build.0 = Release|x86
		{0A275C7B-AA82-4DD4-8712-AE55DA8CCA8F}.Release|x86.ActiveCfg = Release|x86
		{0A275C7B-AA82-4DD4-8712-AE55DA8CCA8F}.Release|x86.Build.0 = Release|x86
		{0A275C7B-AA82-4DD4-8712-AE55DA8CCA8F}.SingleImage|Any CPU.ActiveCfg = Release|Any CPU
		{0A275C7B-AA82-4DD4-8712-AE55DA8CCA8F}.SingleImage|Any CPU.Build.0 = Release|Any CPU
		{0A275C7B-AA82-4DD4-8712-AE55DA8CCA8F}.SingleImage|Mixed Platforms.ActiveCfg = Release|x86
		{0A275C7B-AA82-4DD4-8712-AE55DA8CCA8F}.SingleImage|Mixed Platforms.Build.0 = Release|x86
		{0A275C7B-AA82-4DD4-8712-AE55DA8CCA8F}.SingleImage|x86.ActiveCfg = Release|x86
		{0A275C7B-AA82-4DD4-8712-AE55DA8CCA8F}.SingleImage|x86.Build.0 = Release|x86
		{0FA89E6D-55C1-422B-ADDC-25B575928F80}.CD_ROM|Any CPU.ActiveCfg = Release|Any CPU
		{0FA89E6D-55C1-422B-ADDC-25B575928F80}.CD_ROM|Any CPU.Build.0 = Release|Any CPU
		{0FA89E6D-55C1-422B-ADDC-25B575928F80}.CD_ROM|Mixed Platforms.ActiveCfg = Release|Any CPU
		{0FA89E6D-55C1-422B-ADDC-25B575928F80}.CD_ROM|Mixed Platforms.Build.0 = Release|Any CPU
		{0FA89E6D-55C1-422B-ADDC-25B575928F80}.CD_ROM|x86.ActiveCfg = Release|Any CPU
		{0FA89E6D-55C1-422B-ADDC-25B575928F80}.Debug|Any CPU.ActiveCfg = Debug|Any CPU
		{0FA89E6D-55C1-422B-ADDC-25B575928F80}.Debug|Any CPU.Build.0 = Debug|Any CPU
		{0FA89E6D-55C1-422B-ADDC-25B575928F80}.Debug|Mixed Platforms.ActiveCfg = Debug|Any CPU
		{0FA89E6D-55C1-422B-ADDC-25B575928F80}.Debug|Mixed Platforms.Build.0 = Debug|Any CPU
		{0FA89E6D-55C1-422B-ADDC-25B575928F80}.Debug|x86.ActiveCfg = Debug|Any CPU
		{0FA89E6D-55C1-422B-ADDC-25B575928F80}.DVD-5|Any CPU.ActiveCfg = Debug|Any CPU
		{0FA89E6D-55C1-422B-ADDC-25B575928F80}.DVD-5|Any CPU.Build.0 = Debug|Any CPU
		{0FA89E6D-55C1-422B-ADDC-25B575928F80}.DVD-5|Mixed Platforms.ActiveCfg = Debug|Any CPU
		{0FA89E6D-55C1-422B-ADDC-25B575928F80}.DVD-5|Mixed Platforms.Build.0 = Debug|Any CPU
		{0FA89E6D-55C1-422B-ADDC-25B575928F80}.DVD-5|x86.ActiveCfg = Debug|Any CPU
		{0FA89E6D-55C1-422B-ADDC-25B575928F80}.Release|Any CPU.ActiveCfg = Release|Any CPU
		{0FA89E6D-55C1-422B-ADDC-25B575928F80}.Release|Any CPU.Build.0 = Release|Any CPU
		{0FA89E6D-55C1-422B-ADDC-25B575928F80}.Release|Mixed Platforms.ActiveCfg = Release|Any CPU
		{0FA89E6D-55C1-422B-ADDC-25B575928F80}.Release|Mixed Platforms.Build.0 = Release|Any CPU
		{0FA89E6D-55C1-422B-ADDC-25B575928F80}.Release|x86.ActiveCfg = Release|Any CPU
		{0FA89E6D-55C1-422B-ADDC-25B575928F80}.SingleImage|Any CPU.ActiveCfg = Release|Any CPU
		{0FA89E6D-55C1-422B-ADDC-25B575928F80}.SingleImage|Any CPU.Build.0 = Release|Any CPU
		{0FA89E6D-55C1-422B-ADDC-25B575928F80}.SingleImage|Mixed Platforms.ActiveCfg = Release|Any CPU
		{0FA89E6D-55C1-422B-ADDC-25B575928F80}.SingleImage|Mixed Platforms.Build.0 = Release|Any CPU
		{0FA89E6D-55C1-422B-ADDC-25B575928F80}.SingleImage|x86.ActiveCfg = Release|Any CPU
	EndGlobalSection
	GlobalSection(SolutionProperties) = preSolution
		HideSolutionNode = FALSE
	EndGlobalSection
	GlobalSection(ExtensibilityGlobals) = postSolution
		VisualSVNWorkingCopyRoot = .
	EndGlobalSection
EndGlobal
