
Microsoft Visual Studio Solution File, Format Version 12.00
# Visual Studio 2012
Project("{FAE04EC0-301F-11D3-BF4B-00C04F79EFBC}") = "permautations", "permautations\permautations.csproj", "{0FD747E7-49A1-4F2A-90E0-42713EE91CDC}"
EndProject
Global
	GlobalSection(SolutionConfigurationPlatforms) = preSolution
		Debug|Any CPU = Debug|Any CPU
		Release|Any CPU = Release|Any CPU
	EndGlobalSection
	GlobalSection(ProjectConfigurationPlatforms) = postSolution
		{0FD747E7-49A1-4F2A-90E0-42713EE91CDC}.Debug|Any CPU.ActiveCfg = Debug|Any CPU
		{0FD747E7-49A1-4F2A-90E0-42713EE91CDC}.Debug|Any CPU.Build.0 = Debug|Any CPU
		{0FD747E7-49A1-4F2A-90E0-42713EE91CDC}.Release|Any CPU.ActiveCfg = Release|Any CPU
		{0FD747E7-49A1-4F2A-90E0-42713EE91CDC}.Release|Any CPU.Build.0 = Release|Any CPU
	EndGlobalSection
	GlobalSection(SolutionProperties) = preSolution
		HideSolutionNode = FALSE
	EndGlobalSection
EndGlobal
