
Microsoft Visual Studio Solution File, Format Version 12.00
# Visual Studio 2012
Project("{FAE04EC0-301F-11D3-BF4B-00C04F79EFBC}") = "ExtensionMethodExample", "..\ExtensionMethodExample\ExtensionMethodExample\ExtensionMethodExample.csproj", "{4C794981-7E90-4296-AE05-6F1ED5DF6D1F}"
EndProject
Global
	GlobalSection(SolutionConfigurationPlatforms) = preSolution
		Debug|Any CPU = Debug|Any CPU
		Debug|ARM = Debug|ARM
		Debug|x64 = Debug|x64
		Debug|x86 = Debug|x86
		Release|Any CPU = Release|Any CPU
		Release|ARM = Release|ARM
		Release|x64 = Release|x64
		Release|x86 = Release|x86
	EndGlobalSection
	GlobalSection(ProjectConfigurationPlatforms) = postSolution
		{4C794981-7E90-4296-AE05-6F1ED5DF6D1F}.Debug|Any CPU.ActiveCfg = Debug|Any CPU
		{4C794981-7E90-4296-AE05-6F1ED5DF6D1F}.Debug|Any CPU.Build.0 = Debug|Any CPU
		{4C794981-7E90-4296-AE05-6F1ED5DF6D1F}.Debug|ARM.ActiveCfg = Debug|Any CPU
		{4C794981-7E90-4296-AE05-6F1ED5DF6D1F}.Debug|x64.ActiveCfg = Debug|Any CPU
		{4C794981-7E90-4296-AE05-6F1ED5DF6D1F}.Debug|x86.ActiveCfg = Debug|Any CPU
		{4C794981-7E90-4296-AE05-6F1ED5DF6D1F}.Release|Any CPU.ActiveCfg = Release|Any CPU
		{4C794981-7E90-4296-AE05-6F1ED5DF6D1F}.Release|Any CPU.Build.0 = Release|Any CPU
		{4C794981-7E90-4296-AE05-6F1ED5DF6D1F}.Release|ARM.ActiveCfg = Release|Any CPU
		{4C794981-7E90-4296-AE05-6F1ED5DF6D1F}.Release|x64.ActiveCfg = Release|Any CPU
		{4C794981-7E90-4296-AE05-6F1ED5DF6D1F}.Release|x86.ActiveCfg = Release|Any CPU
	EndGlobalSection
	GlobalSection(SolutionProperties) = preSolution
		HideSolutionNode = FALSE
	EndGlobalSection
EndGlobal
