
Microsoft Visual Studio Solution File, Format Version 12.00
# Visual Studio 2012
Project("{FAE04EC0-301F-11D3-BF4B-00C04F79EFBC}") = "DateTime(day4)", "DateTime(day4)\DateTime(day4).csproj", "{2759516C-AB58-47DE-AE4E-BD172E0D33FC}"
EndProject
Global
	GlobalSection(SolutionConfigurationPlatforms) = preSolution
		Debug|Any CPU = Debug|Any CPU
		Release|Any CPU = Release|Any CPU
	EndGlobalSection
	GlobalSection(ProjectConfigurationPlatforms) = postSolution
		{2759516C-AB58-47DE-AE4E-BD172E0D33FC}.Debug|Any CPU.ActiveCfg = Debug|Any CPU
		{2759516C-AB58-47DE-AE4E-BD172E0D33FC}.Debug|Any CPU.Build.0 = Debug|Any CPU
		{2759516C-AB58-47DE-AE4E-BD172E0D33FC}.Release|Any CPU.ActiveCfg = Release|Any CPU
		{2759516C-AB58-47DE-AE4E-BD172E0D33FC}.Release|Any CPU.Build.0 = Release|Any CPU
	EndGlobalSection
	GlobalSection(SolutionProperties) = preSolution
		HideSolutionNode = FALSE
	EndGlobalSection
EndGlobal
